
Microsoft Visual Studio Solution File, Format Version 12.00
# Visual Studio Version 16
VisualStudioVersion = 25.0.1704.2
MinimumVisualStudioVersion = 10.0.40219.1
Project("{FAE04EC0-301F-11D3-BF4B-00C04F79EFBC}") = "CoderBash.Net.ECB", "CoderBash.Net.ECB\CoderBash.Net.ECB.csproj", "{04BFED20-FB59-4B1E-A244-C06F12B9EE55}"
EndProject
Project("{FAE04EC0-301F-11D3-BF4B-00C04F79EFBC}") = "CoderBash.Net.ECB.Tests", "CoderBash.Net.ECB.Tests\CoderBash.Net.ECB.Tests.csproj", "{70ECE064-6259-4239-BBE6-14DEA8AE5085}"
EndProject
Global
	GlobalSection(SolutionConfigurationPlatforms) = preSolution
		Debug|Any CPU = Debug|Any CPU
		Release|Any CPU = Release|Any CPU
	EndGlobalSection
	GlobalSection(ProjectConfigurationPlatforms) = postSolution
		{04BFED20-FB59-4B1E-A244-C06F12B9EE55}.Debug|Any CPU.ActiveCfg = Debug|Any CPU
		{04BFED20-FB59-4B1E-A244-C06F12B9EE55}.Debug|Any CPU.Build.0 = Debug|Any CPU
		{04BFED20-FB59-4B1E-A244-C06F12B9EE55}.Release|Any CPU.ActiveCfg = Release|Any CPU
		{04BFED20-FB59-4B1E-A244-C06F12B9EE55}.Release|Any CPU.Build.0 = Release|Any CPU
		{70ECE064-6259-4239-BBE6-14DEA8AE5085}.Debug|Any CPU.ActiveCfg = Debug|Any CPU
		{70ECE064-6259-4239-BBE6-14DEA8AE5085}.Debug|Any CPU.Build.0 = Debug|Any CPU
		{70ECE064-6259-4239-BBE6-14DEA8AE5085}.Release|Any CPU.ActiveCfg = Release|Any CPU
		{70ECE064-6259-4239-BBE6-14DEA8AE5085}.Release|Any CPU.Build.0 = Release|Any CPU
	EndGlobalSection
	GlobalSection(SolutionProperties) = preSolution
		HideSolutionNode = FALSE
	EndGlobalSection
	GlobalSection(ExtensibilityGlobals) = postSolution
		SolutionGuid = {A830B527-DE87-4D62-8718-A07A17A9337D}
	EndGlobalSection
EndGlobal
